[[package]]
category = "main"
description = "A type-hinted async python mpd client library."
name = "ampdup"
optional = false
python-versions = ">=3.7,<4.0"
version = "0.3.0"

[[package]]
category = "main"
description = "An entry-point library based on argparse, to make creating cli tools as easy as possible."
name = "carl"
optional = false
python-versions = "*"
version = "0.0.7"

[package.dependencies]
wrapt = ">=1.10.8"

[[package]]
category = "main"
description = "Module for decorators, wrappers and monkey patching."
name = "wrapt"
optional = false
python-versions = "*"
version = "1.10.11"

[metadata]
content-hash = "1161be77c7448a6fb69c99449a18dbbdf53ed0db795959565468dc151ed54b7c"
python-versions = "^3.7"

[metadata.hashes]
ampdup = ["51753496546df655dd17bab1a25c3ed492c39b5286c8873aa91466f8d38e1c8a", "672dc31326128b990d1ade8f46600f1edb366a9cc901ea8b021bdb801b49ac79"]
carl = ["5b466a19eb302ea2f2a708c6a88be21ec6b6395f856d046764f70762c2e67793"]
wrapt = ["d4d560d479f2c21e1b5443bbd15fe7ec4b37fe7e53d335d3b9b0a7b1226fe3c6"]
